
Microsoft Visual Studio Solution File, Format Version 12.00
# Visual Studio Version 17
VisualStudioVersion = 17.6.33829.357
MinimumVisualStudioVersion = 10.0.40219.1
Project("{54A90642-561A-4BB1-A94E-469ADEE60C69}") = "DemoAngularProject", "DemoAngularProject\DemoAngularProject.esproj", "{03A3B956-588D-49FA-96BB-7A45C4A14E38}"
EndProject
Global
	GlobalSection(SolutionConfigurationPlatforms) = preSolution
		Debug|Any CPU = Debug|Any CPU
		Release|Any CPU = Release|Any CPU
	EndGlobalSection
	GlobalSection(ProjectConfigurationPlatforms) = postSolution
		{03A3B956-588D-49FA-96BB-7A45C4A14E38}.Debug|Any CPU.ActiveCfg = Debug|Any CPU
		{03A3B956-588D-49FA-96BB-7A45C4A14E38}.Debug|Any CPU.Build.0 = Debug|Any CPU
		{03A3B956-588D-49FA-96BB-7A45C4A14E38}.Debug|Any CPU.Deploy.0 = Debug|Any CPU
		{03A3B956-588D-49FA-96BB-7A45C4A14E38}.Release|Any CPU.ActiveCfg = Release|Any CPU
		{03A3B956-588D-49FA-96BB-7A45C4A14E38}.Release|Any CPU.Build.0 = Release|Any CPU
		{03A3B956-588D-49FA-96BB-7A45C4A14E38}.Release|Any CPU.Deploy.0 = Release|Any CPU
	EndGlobalSection
	GlobalSection(SolutionProperties) = preSolution
		HideSolutionNode = FALSE
	EndGlobalSection
	GlobalSection(ExtensibilityGlobals) = postSolution
		SolutionGuid = {B535C40B-0F41-4536-9EC5-8319E3AC46D4}
	EndGlobalSection
EndGlobal
